
Microsoft Visual Studio Solution File, Format Version 12.00
# Visual Studio Version 16
VisualStudioVersion = 16.0.30709.132
MinimumVisualStudioVersion = 10.0.40219.1
Project("{8BC9CEB8-8B4A-11D0-8D11-00A0C91BC942}") = "IZ10_2", "IZ10_2\IZ10_2.vcxproj", "{52068932-7389-4E41-AC03-2135F3751BA6}"
EndProject
Global
	GlobalSection(SolutionConfigurationPlatforms) = preSolution
		Debug|x64 = Debug|x64
		Debug|x86 = Debug|x86
		Release|x64 = Release|x64
		Release|x86 = Release|x86
	EndGlobalSection
	GlobalSection(ProjectConfigurationPlatforms) = postSolution
		{52068932-7389-4E41-AC03-2135F3751BA6}.Debug|x64.ActiveCfg = Debug|x64
		{52068932-7389-4E41-AC03-2135F3751BA6}.Debug|x64.Build.0 = Debug|x64
		{52068932-7389-4E41-AC03-2135F3751BA6}.Debug|x86.ActiveCfg = Debug|Win32
		{52068932-7389-4E41-AC03-2135F3751BA6}.Debug|x86.Build.0 = Debug|Win32
		{52068932-7389-4E41-AC03-2135F3751BA6}.Release|x64.ActiveCfg = Release|x64
		{52068932-7389-4E41-AC03-2135F3751BA6}.Release|x64.Build.0 = Release|x64
		{52068932-7389-4E41-AC03-2135F3751BA6}.Release|x86.ActiveCfg = Release|Win32
		{52068932-7389-4E41-AC03-2135F3751BA6}.Release|x86.Build.0 = Release|Win32
	EndGlobalSection
	GlobalSection(SolutionProperties) = preSolution
		HideSolutionNode = FALSE
	EndGlobalSection
	GlobalSection(ExtensibilityGlobals) = postSolution
		SolutionGuid = {8FDC29F7-911C-42F0-84BC-B7CEF0DC3BFD}
	EndGlobalSection
EndGlobal
